
Microsoft Visual Studio Solution File, Format Version 12.00
# Visual Studio Version 17
VisualStudioVersion = 17.3.32922.545
MinimumVisualStudioVersion = 10.0.40219.1
Project("{FAE04EC0-301F-11D3-BF4B-00C04F79EFBC}") = "Oponeo.EF_CodeFirst.ConsoleApp", "Oponeo.EF_CodeFirst.ConsoleApp\Oponeo.EF_CodeFirst.ConsoleApp.csproj", "{28F377FB-3E78-4FCE-83A9-78C391F550C2}"
EndProject
Global
	GlobalSection(SolutionConfigurationPlatforms) = preSolution
		Debug|Any CPU = Debug|Any CPU
		Release|Any CPU = Release|Any CPU
	EndGlobalSection
	GlobalSection(ProjectConfigurationPlatforms) = postSolution
		{28F377FB-3E78-4FCE-83A9-78C391F550C2}.Debug|Any CPU.ActiveCfg = Debug|Any CPU
		{28F377FB-3E78-4FCE-83A9-78C391F550C2}.Debug|Any CPU.Build.0 = Debug|Any CPU
		{28F377FB-3E78-4FCE-83A9-78C391F550C2}.Release|Any CPU.ActiveCfg = Release|Any CPU
		{28F377FB-3E78-4FCE-83A9-78C391F550C2}.Release|Any CPU.Build.0 = Release|Any CPU
	EndGlobalSection
	GlobalSection(SolutionProperties) = preSolution
		HideSolutionNode = FALSE
	EndGlobalSection
	GlobalSection(ExtensibilityGlobals) = postSolution
		SolutionGuid = {8F0AAB00-4363-45DC-BF9B-C7B142472F63}
	EndGlobalSection
EndGlobal
